
Microsoft Visual Studio Solution File, Format Version 12.00
# Visual Studio Version 17
VisualStudioVersion = 17.13.35828.75
MinimumVisualStudioVersion = 10.0.40219.1
Project("{FAE04EC0-301F-11D3-BF4B-00C04F79EFBC}") = "Laba16_KuzVah", "Laba16_KuzVah\Laba16_KuzVah.csproj", "{78F645C9-D589-4142-A639-908DFCC2EC86}"
EndProject
Project("{FAE04EC0-301F-11D3-BF4B-00C04F79EFBC}") = "DZ", "DZ\DZ.csproj", "{76294BC9-D5C2-4C45-AC57-7F80C7DEC38A}"
EndProject
Global
	GlobalSection(SolutionConfigurationPlatforms) = preSolution
		Debug|Any CPU = Debug|Any CPU
		Release|Any CPU = Release|Any CPU
	EndGlobalSection
	GlobalSection(ProjectConfigurationPlatforms) = postSolution
		{78F645C9-D589-4142-A639-908DFCC2EC86}.Debug|Any CPU.ActiveCfg = Debug|Any CPU
		{78F645C9-D589-4142-A639-908DFCC2EC86}.Debug|Any CPU.Build.0 = Debug|Any CPU
		{78F645C9-D589-4142-A639-908DFCC2EC86}.Release|Any CPU.ActiveCfg = Release|Any CPU
		{78F645C9-D589-4142-A639-908DFCC2EC86}.Release|Any CPU.Build.0 = Release|Any CPU
		{76294BC9-D5C2-4C45-AC57-7F80C7DEC38A}.Debug|Any CPU.ActiveCfg = Debug|Any CPU
		{76294BC9-D5C2-4C45-AC57-7F80C7DEC38A}.Debug|Any CPU.Build.0 = Debug|Any CPU
		{76294BC9-D5C2-4C45-AC57-7F80C7DEC38A}.Release|Any CPU.ActiveCfg = Release|Any CPU
		{76294BC9-D5C2-4C45-AC57-7F80C7DEC38A}.Release|Any CPU.Build.0 = Release|Any CPU
	EndGlobalSection
	GlobalSection(SolutionProperties) = preSolution
		HideSolutionNode = FALSE
	EndGlobalSection
	GlobalSection(ExtensibilityGlobals) = postSolution
		SolutionGuid = {AE3E74D8-FBED-44A0-B2C7-9EF0867C38B0}
	EndGlobalSection
EndGlobal
